
Microsoft Visual Studio Solution File, Format Version 12.00
# Visual Studio 15
VisualStudioVersion = 15.0.28307.1267
MinimumVisualStudioVersion = 10.0.40219.1
Project("{FAE04EC0-301F-11D3-BF4B-00C04F79EFBC}") = "sfidsmultiuser", "sfidsmultiuser\sfidsmultiuser.csproj", "{1ED12C8A-A895-4C80-9BA2-C0BF6E6ACBA4}"
EndProject
Project("{FAE04EC0-301F-11D3-BF4B-00C04F79EFBC}") = "testconsole", "testconsole\testconsole.csproj", "{E43BADF9-5D8E-4ED6-97B5-460BC85DB02F}"
EndProject
Global
	GlobalSection(SolutionConfigurationPlatforms) = preSolution
		Debug|Any CPU = Debug|Any CPU
		Release|Any CPU = Release|Any CPU
	EndGlobalSection
	GlobalSection(ProjectConfigurationPlatforms) = postSolution
		{1ED12C8A-A895-4C80-9BA2-C0BF6E6ACBA4}.Debug|Any CPU.ActiveCfg = Debug|Any CPU
		{1ED12C8A-A895-4C80-9BA2-C0BF6E6ACBA4}.Debug|Any CPU.Build.0 = Debug|Any CPU
		{1ED12C8A-A895-4C80-9BA2-C0BF6E6ACBA4}.Release|Any CPU.ActiveCfg = Release|Any CPU
		{1ED12C8A-A895-4C80-9BA2-C0BF6E6ACBA4}.Release|Any CPU.Build.0 = Release|Any CPU
		{E43BADF9-5D8E-4ED6-97B5-460BC85DB02F}.Debug|Any CPU.ActiveCfg = Debug|Any CPU
		{E43BADF9-5D8E-4ED6-97B5-460BC85DB02F}.Debug|Any CPU.Build.0 = Debug|Any CPU
		{E43BADF9-5D8E-4ED6-97B5-460BC85DB02F}.Release|Any CPU.ActiveCfg = Release|Any CPU
		{E43BADF9-5D8E-4ED6-97B5-460BC85DB02F}.Release|Any CPU.Build.0 = Release|Any CPU
	EndGlobalSection
	GlobalSection(SolutionProperties) = preSolution
		HideSolutionNode = FALSE
	EndGlobalSection
	GlobalSection(ExtensibilityGlobals) = postSolution
		SolutionGuid = {946F2444-B39F-4A61-9F3B-5C61D3BD669B}
	EndGlobalSection
EndGlobal
