
Microsoft Visual Studio Solution File, Format Version 12.00
# Visual Studio Version 16
VisualStudioVersion = 16.0.30406.217
MinimumVisualStudioVersion = 10.0.40219.1
Project("{FAE04EC0-301F-11D3-BF4B-00C04F79EFBC}") = "sfidsmultiuser", "sfidsmultiuser\sfidsmultiuser.csproj", "{1ED12C8A-A895-4C80-9BA2-C0BF6E6ACBA4}"
EndProject
Project("{FAE04EC0-301F-11D3-BF4B-00C04F79EFBC}") = "AttachmentsBackUp", "testconsole\AttachmentsBackUp.csproj", "{E43BADF9-5D8E-4ED6-97B5-460BC85DB02F}"
EndProject
Project("{2150E333-8FDC-42A3-9474-1A3956D46DE8}") = "Solution Items", "Solution Items", "{BF0561C2-2B1C-4611-9A7D-7BCA6604A822}"
EndProject
Project("{FAE04EC0-301F-11D3-BF4B-00C04F79EFBC}") = "sfidsmultiuserTests", "sfidsmultiuserTests\sfidsmultiuserTests.csproj", "{26EBD716-3159-4693-83A3-325E7A4946A9}"
EndProject
Global
	GlobalSection(SolutionConfigurationPlatforms) = preSolution
		Debug|Any CPU = Debug|Any CPU
		Debug|x86 = Debug|x86
		Release|Any CPU = Release|Any CPU
		Release|x86 = Release|x86
	EndGlobalSection
	GlobalSection(ProjectConfigurationPlatforms) = postSolution
		{1ED12C8A-A895-4C80-9BA2-C0BF6E6ACBA4}.Debug|Any CPU.ActiveCfg = Debug|Any CPU
		{1ED12C8A-A895-4C80-9BA2-C0BF6E6ACBA4}.Debug|Any CPU.Build.0 = Debug|Any CPU
		{1ED12C8A-A895-4C80-9BA2-C0BF6E6ACBA4}.Debug|x86.ActiveCfg = Debug|x86
		{1ED12C8A-A895-4C80-9BA2-C0BF6E6ACBA4}.Debug|x86.Build.0 = Debug|x86
		{1ED12C8A-A895-4C80-9BA2-C0BF6E6ACBA4}.Release|Any CPU.ActiveCfg = Release|Any CPU
		{1ED12C8A-A895-4C80-9BA2-C0BF6E6ACBA4}.Release|Any CPU.Build.0 = Release|Any CPU
		{1ED12C8A-A895-4C80-9BA2-C0BF6E6ACBA4}.Release|x86.ActiveCfg = Release|x86
		{1ED12C8A-A895-4C80-9BA2-C0BF6E6ACBA4}.Release|x86.Build.0 = Release|x86
		{E43BADF9-5D8E-4ED6-97B5-460BC85DB02F}.Debug|Any CPU.ActiveCfg = Debug|Any CPU
		{E43BADF9-5D8E-4ED6-97B5-460BC85DB02F}.Debug|Any CPU.Build.0 = Debug|Any CPU
		{E43BADF9-5D8E-4ED6-97B5-460BC85DB02F}.Debug|x86.ActiveCfg = Debug|Any CPU
		{E43BADF9-5D8E-4ED6-97B5-460BC85DB02F}.Debug|x86.Build.0 = Debug|Any CPU
		{E43BADF9-5D8E-4ED6-97B5-460BC85DB02F}.Release|Any CPU.ActiveCfg = Release|Any CPU
		{E43BADF9-5D8E-4ED6-97B5-460BC85DB02F}.Release|Any CPU.Build.0 = Release|Any CPU
		{E43BADF9-5D8E-4ED6-97B5-460BC85DB02F}.Release|x86.ActiveCfg = Release|Any CPU
		{E43BADF9-5D8E-4ED6-97B5-460BC85DB02F}.Release|x86.Build.0 = Release|Any CPU
		{26EBD716-3159-4693-83A3-325E7A4946A9}.Debug|Any CPU.ActiveCfg = Debug|Any CPU
		{26EBD716-3159-4693-83A3-325E7A4946A9}.Debug|Any CPU.Build.0 = Debug|Any CPU
		{26EBD716-3159-4693-83A3-325E7A4946A9}.Debug|x86.ActiveCfg = Debug|Any CPU
		{26EBD716-3159-4693-83A3-325E7A4946A9}.Debug|x86.Build.0 = Debug|Any CPU
		{26EBD716-3159-4693-83A3-325E7A4946A9}.Release|Any CPU.ActiveCfg = Release|Any CPU
		{26EBD716-3159-4693-83A3-325E7A4946A9}.Release|Any CPU.Build.0 = Release|Any CPU
		{26EBD716-3159-4693-83A3-325E7A4946A9}.Release|x86.ActiveCfg = Release|Any CPU
		{26EBD716-3159-4693-83A3-325E7A4946A9}.Release|x86.Build.0 = Release|Any CPU
	EndGlobalSection
	GlobalSection(SolutionProperties) = preSolution
		HideSolutionNode = FALSE
	EndGlobalSection
	GlobalSection(ExtensibilityGlobals) = postSolution
		BuildVersion_StartDate = 2000/1/1
		SolutionGuid = {946F2444-B39F-4A61-9F3B-5C61D3BD669B}
		BuildVersion_UseGlobalSettings = True
	EndGlobalSection
EndGlobal
